{
  "name": "@bunrongGithub/microkit",
  "version": "1.0.0",
  "lockfileVersion": 3,
  "requires": true,
  "packages": {
    "": {
      "name": "@bunrongGithub/microkit",
      "version": "1.0.0",
      "license": "ISC",
      "dependencies": {
        "@bunronggithub/microkit": "npm:@bunrongGithub/microkit@^1.0.0"
      }
    },
    "node_modules/@bunronggithub/microkit": {
      "name": "@bunrongGithub/microkit",
      "version": "1.0.0",
      "resolved": "https://npm.pkg.github.com/download/@bunrongGithub/microkit/1.0.0/0d9510838875c10645d1f65784ad133a06946a7a",
      "integrity": "sha512-+B1WB3FkPYYhQ9sL1dy5PR00a1T4HLvjcj1xpk6ugzZkfbps4jK+wfZb/aiG0WbNcVG9hhy7PvO1JOXl8KDJoQ==",
      "license": "ISC"
    }
  }
}
